
Microsoft Visual Studio Solution File, Format Version 12.00
# Visual Studio Version 17
VisualStudioVersion = 17.9.34607.119
MinimumVisualStudioVersion = 10.0.40219.1
Project("{FAE04EC0-301F-11D3-BF4B-00C04F79EFBC}") = "ProgrammingChallenge6.1", "ProgrammingChallenge6.1\ProgrammingChallenge6.1.csproj", "{C17E1503-0427-4978-875F-BFF2BA0C42D5}"
EndProject
Global
	GlobalSection(SolutionConfigurationPlatforms) = preSolution
		Debug|Any CPU = Debug|Any CPU
		Release|Any CPU = Release|Any CPU
	EndGlobalSection
	GlobalSection(ProjectConfigurationPlatforms) = postSolution
		{C17E1503-0427-4978-875F-BFF2BA0C42D5}.Debug|Any CPU.ActiveCfg = Debug|Any CPU
		{C17E1503-0427-4978-875F-BFF2BA0C42D5}.Debug|Any CPU.Build.0 = Debug|Any CPU
		{C17E1503-0427-4978-875F-BFF2BA0C42D5}.Release|Any CPU.ActiveCfg = Release|Any CPU
		{C17E1503-0427-4978-875F-BFF2BA0C42D5}.Release|Any CPU.Build.0 = Release|Any CPU
	EndGlobalSection
	GlobalSection(SolutionProperties) = preSolution
		HideSolutionNode = FALSE
	EndGlobalSection
	GlobalSection(ExtensibilityGlobals) = postSolution
		SolutionGuid = {FBA1EABE-4CF3-4254-8939-9F4FFDB3882F}
	EndGlobalSection
EndGlobal
